github.com/StanfordSNR/crypto v0.0.0-20171223202347-4a3cd0184db6 h1:9vMQLlhn+4BOnr0011r7oNWHBU6cIkkBAJ1QoFSqTkY=
github.com/StanfordSNR/crypto v0.0.0-20171223202347-4a3cd0184db6/go.mod h1:/faX56vwVRcORVKRUz8/iE14GEMQT6mlJ7IwtpthOrA=
github.com/hashicorp/yamux v0.1.1 h1:yrQxtgseBDrq9Y652vSRDvsKCJKOUD+GzTS4Y0Y8pvE=
github.com/hashicorp/yamux v0.1.1/go.mod h1:CtWFDAQgb7dxtzFs4tWbplKIe2jSi3+5vKbgIO0SLnQ=
github.com/howeyc/gopass v0.0.0-20210920133722-c8aef6fb66ef h1:A9HsByNhogrvm9cWb28sjiS3i7tcKCkflWFEkHfuAgM=
github.com/howeyc/gopass v0.0.0-20210920133722-c8aef6fb66ef/go.mod h1:lADxMC39cJJqL93Duh1xhAs4I2Zs8mKS89XWXFGp9cs=
github.com/jessevdk/go-flags v1.5.0 h1:1jKYvbxEjfUl0fmqTCOfonvskHHXMjBySTLW4y9LFvc=
github.com/jessevdk/go-flags v1.5.0/go.mod h1:Fw0T6WPc1dYxT4mKEZRfG5kJhaTDP9pj1c2EWnYs/m4=
github.com/sternhenri/interact v0.0.0-20170607043113-dfeb9ef20304 h1:zzYF4UgWpelZqq0OSjrAYgJfBQbced5ZzFqqobLqwMw=
github.com/sternhenri/interact v0.0.0-20170607043113-dfeb9ef20304/go.mod h1:DeHea0sJRuLvq7KtfYsh8faJlWjkbXPsIkvf6yHOPSw=
golang.org/x/sys v0.0.0-20210320140829-1e4c9ba3b0c4/go.mod h1:h1NjWce9XRLGQEsW7wpKNCjG9DtNlClVuFLEZdDNbEs=
golang.org/x/sys v0.10.0 h1:SqMFp9UcQJZa+pmYuAKjd9xq1f0j5rLcDIk0mj4qAsA=
golang.org/x/sys v0.10.0/go.mod h1:oPkhp1MJrh7nUepCBck5+mAzfO9JrbApNNgaTdGDITg=
gopkg.in/natefinch/npipe.v2 v2.0.0-20160621034901-c1b8fa8bdcce h1:+JknDZhAj8YMt7GC73Ei8pv4MzjDUNPHgQWJdtMAaDU=
gopkg.in/natefinch/npipe.v2 v2.0.0-20160621034901-c1b8fa8bdcce/go.mod h1:5AcXVHNjg+BDxry382+8OKon8SEWiKktQR07RKPsv1c=
